
Microsoft Visual Studio Solution File, Format Version 12.00
# Visual Studio Version 16
VisualStudioVersion = 16.0.29613.14
MinimumVisualStudioVersion = 10.0.40219.1
Project("{FAE04EC0-301F-11D3-BF4B-00C04F79EFBC}") = "BacklogKiller", "BacklogKiller\BacklogKiller.csproj", "{C9405F27-FC72-474E-A495-590DF703C0B2}"
EndProject
Project("{FAE04EC0-301F-11D3-BF4B-00C04F79EFBC}") = "BacklogKiller.ClassLibrary", "BacklogKiller.ClassLibrary\BacklogKiller.ClassLibrary.csproj", "{9B6B7E6D-979C-4985-83FB-0BC189BD8F73}"
EndProject
Global
	GlobalSection(SolutionConfigurationPlatforms) = preSolution
		Debug|Any CPU = Debug|Any CPU
		Release|Any CPU = Release|Any CPU
	EndGlobalSection
	GlobalSection(ProjectConfigurationPlatforms) = postSolution
		{C9405F27-FC72-474E-A495-590DF703C0B2}.Debug|Any CPU.ActiveCfg = Debug|Any CPU
		{C9405F27-FC72-474E-A495-590DF703C0B2}.Debug|Any CPU.Build.0 = Debug|Any CPU
		{C9405F27-FC72-474E-A495-590DF703C0B2}.Release|Any CPU.ActiveCfg = Release|Any CPU
		{C9405F27-FC72-474E-A495-590DF703C0B2}.Release|Any CPU.Build.0 = Release|Any CPU
		{9B6B7E6D-979C-4985-83FB-0BC189BD8F73}.Debug|Any CPU.ActiveCfg = Debug|Any CPU
		{9B6B7E6D-979C-4985-83FB-0BC189BD8F73}.Debug|Any CPU.Build.0 = Debug|Any CPU
		{9B6B7E6D-979C-4985-83FB-0BC189BD8F73}.Release|Any CPU.ActiveCfg = Release|Any CPU
		{9B6B7E6D-979C-4985-83FB-0BC189BD8F73}.Release|Any CPU.Build.0 = Release|Any CPU
	EndGlobalSection
	GlobalSection(SolutionProperties) = preSolution
		HideSolutionNode = FALSE
	EndGlobalSection
	GlobalSection(ExtensibilityGlobals) = postSolution
		SolutionGuid = {C609A440-9FFB-413A-8B15-9D3DC65F4A0E}
	EndGlobalSection
EndGlobal
